Microsoft Visual Studio Solution File, Format Version 8.00
Project("{8BC9CEB8-8B4A-11D0-8D11-00A0C91BC942}") = "png", "png.vcproj", "{D8AF21A7-6DDE-4502-AFCF-B7D7751AD3A2}"
	ProjectSection(ProjectDependencies) = postProject
	EndProjectSection
EndProject
Global
	GlobalSection(SolutionConfiguration) = preSolution
		Debug = Debug
		Release = Release
		Unicode Debug = Unicode Debug
		Unicode Release = Unicode Release
	EndGlobalSection
	GlobalSection(ProjectConfiguration) = postSolution
		{D8AF21A7-6DDE-4502-AFCF-B7D7751AD3A2}.Debug.ActiveCfg = Debug|Win32
		{D8AF21A7-6DDE-4502-AFCF-B7D7751AD3A2}.Debug.Build.0 = Debug|Win32
		{D8AF21A7-6DDE-4502-AFCF-B7D7751AD3A2}.Release.ActiveCfg = Release|Win32
		{D8AF21A7-6DDE-4502-AFCF-B7D7751AD3A2}.Release.Build.0 = Release|Win32
		{D8AF21A7-6DDE-4502-AFCF-B7D7751AD3A2}.Unicode Debug.ActiveCfg = Unicode Debug|Win32
		{D8AF21A7-6DDE-4502-AFCF-B7D7751AD3A2}.Unicode Debug.Build.0 = Unicode Debug|Win32
		{D8AF21A7-6DDE-4502-AFCF-B7D7751AD3A2}.Unicode Release.ActiveCfg = Unicode Release|Win32
		{D8AF21A7-6DDE-4502-AFCF-B7D7751AD3A2}.Unicode Release.Build.0 = Unicode Release|Win32
	EndGlobalSection
	GlobalSection(ExtensibilityGlobals) = postSolution
	EndGlobalSection
	GlobalSection(ExtensibilityAddIns) = postSolution
	EndGlobalSection
EndGlobal
