Microsoft Visual Studio Solution File, Format Version 8.00
Project("{FAE04EC0-301F-11D3-BF4B-00C04F79EFBC}") = "HackUserAnalyzer", "HackUserAnalyzer\HackUserAnalyzer.csproj", "{C8E4F08C-C4EF-4280-BA78-D328D7FAF931}"
	ProjectSection(ProjectDependencies) = postProject
	EndProjectSection
EndProject
Global
	GlobalSection(SolutionConfiguration) = preSolution
		Debug = Debug
		Release = Release
	EndGlobalSection
	GlobalSection(ProjectConfiguration) = postSolution
		{C8E4F08C-C4EF-4280-BA78-D328D7FAF931}.Debug.ActiveCfg = Debug|.NET
		{C8E4F08C-C4EF-4280-BA78-D328D7FAF931}.Debug.Build.0 = Debug|.NET
		{C8E4F08C-C4EF-4280-BA78-D328D7FAF931}.Release.ActiveCfg = Release|.NET
		{C8E4F08C-C4EF-4280-BA78-D328D7FAF931}.Release.Build.0 = Release|.NET
	EndGlobalSection
	GlobalSection(ExtensibilityGlobals) = postSolution
	EndGlobalSection
	GlobalSection(ExtensibilityAddIns) = postSolution
	EndGlobalSection
EndGlobal
