Microsoft Visual Studio Solution File, Format Version 8.00
Project("{8BC9CEB8-8B4A-11D0-8D11-00A0C91BC942}") = "UnitTest", "UnitTest\UnitTest.vcproj", "{A9232864-2533-4FEF-BD0E-7346295864AC}"
	ProjectSection(ProjectDependencies) = postProject
		{8B828DA3-9971-420A-80F6-07555897C189} = {8B828DA3-9971-420A-80F6-07555897C189}
	EndProjectSection
EndProject
Project("{8BC9CEB8-8B4A-11D0-8D11-00A0C91BC942}") = "KncLua71", "KncLua71\KncLua71.vcproj", "{8B828DA3-9971-420A-80F6-07555897C187}"
	ProjectSection(ProjectDependencies) = postProject
	EndProjectSection
EndProject
Project("{8BC9CEB8-8B4A-11D0-8D11-00A0C91BC942}") = "KncSerializer71", "KncSerialize71\KncSerialize71.vcproj", "{8B828DA3-9971-420A-80F6-07555897C188}"
	ProjectSection(ProjectDependencies) = postProject
	EndProjectSection
EndProject
Project("{8BC9CEB8-8B4A-11D0-8D11-00A0C91BC942}") = "KncSecurity71", "KncSecurity71\KncSecurity71.vcproj", "{8B828DA3-9971-420A-80F6-07555897C189}"
	ProjectSection(ProjectDependencies) = postProject
	EndProjectSection
EndProject
Project("{8BC9CEB8-8B4A-11D0-8D11-00A0C91BC942}") = "KncDebug71", "KncDebug\KncDebug71.vcproj", "{8B828DA3-9971-420A-80F6-07555897C18A}"
	ProjectSection(ProjectDependencies) = postProject
	EndProjectSection
EndProject
Global
	GlobalSection(SolutionConfiguration) = preSolution
		MD = MD
		MDd = MDd
		ML = ML
		MLd = MLd
		MT = MT
		MTd = MTd
	EndGlobalSection
	GlobalSection(ProjectDependencies) = postSolution
	EndGlobalSection
	GlobalSection(ProjectConfiguration) = postSolution
		{A9232864-2533-4FEF-BD0E-7346295864AC}.MD.ActiveCfg = MD|Win32
		{A9232864-2533-4FEF-BD0E-7346295864AC}.MD.Build.0 = MD|Win32
		{A9232864-2533-4FEF-BD0E-7346295864AC}.MDd.ActiveCfg = MDd|Win32
		{A9232864-2533-4FEF-BD0E-7346295864AC}.MDd.Build.0 = MDd|Win32
		{A9232864-2533-4FEF-BD0E-7346295864AC}.ML.ActiveCfg = ML|Win32
		{A9232864-2533-4FEF-BD0E-7346295864AC}.ML.Build.0 = ML|Win32
		{A9232864-2533-4FEF-BD0E-7346295864AC}.MLd.ActiveCfg = MLd|Win32
		{A9232864-2533-4FEF-BD0E-7346295864AC}.MLd.Build.0 = MLd|Win32
		{A9232864-2533-4FEF-BD0E-7346295864AC}.MT.ActiveCfg = MT|Win32
		{A9232864-2533-4FEF-BD0E-7346295864AC}.MT.Build.0 = MT|Win32
		{A9232864-2533-4FEF-BD0E-7346295864AC}.MTd.ActiveCfg = MTd|Win32
		{A9232864-2533-4FEF-BD0E-7346295864AC}.MTd.Build.0 = MTd|Win32
		{8B828DA3-9971-420A-80F6-07555897C187}.MD.ActiveCfg = MD|Win32
		{8B828DA3-9971-420A-80F6-07555897C187}.MD.Build.0 = MD|Win32
		{8B828DA3-9971-420A-80F6-07555897C187}.MDd.ActiveCfg = MDd|Win32
		{8B828DA3-9971-420A-80F6-07555897C187}.MDd.Build.0 = MDd|Win32
		{8B828DA3-9971-420A-80F6-07555897C187}.ML.ActiveCfg = ML|Win32
		{8B828DA3-9971-420A-80F6-07555897C187}.ML.Build.0 = ML|Win32
		{8B828DA3-9971-420A-80F6-07555897C187}.MLd.ActiveCfg = MLd|Win32
		{8B828DA3-9971-420A-80F6-07555897C187}.MLd.Build.0 = MLd|Win32
		{8B828DA3-9971-420A-80F6-07555897C187}.MT.ActiveCfg = MT|Win32
		{8B828DA3-9971-420A-80F6-07555897C187}.MT.Build.0 = MT|Win32
		{8B828DA3-9971-420A-80F6-07555897C187}.MTd.ActiveCfg = MTd|Win32
		{8B828DA3-9971-420A-80F6-07555897C187}.MTd.Build.0 = MTd|Win32
		{8B828DA3-9971-420A-80F6-07555897C188}.MD.ActiveCfg = MD|Win32
		{8B828DA3-9971-420A-80F6-07555897C188}.MD.Build.0 = MD|Win32
		{8B828DA3-9971-420A-80F6-07555897C188}.MDd.ActiveCfg = MDd|Win32
		{8B828DA3-9971-420A-80F6-07555897C188}.MDd.Build.0 = MDd|Win32
		{8B828DA3-9971-420A-80F6-07555897C188}.ML.ActiveCfg = ML|Win32
		{8B828DA3-9971-420A-80F6-07555897C188}.ML.Build.0 = ML|Win32
		{8B828DA3-9971-420A-80F6-07555897C188}.MLd.ActiveCfg = MLd|Win32
		{8B828DA3-9971-420A-80F6-07555897C188}.MLd.Build.0 = MLd|Win32
		{8B828DA3-9971-420A-80F6-07555897C188}.MT.ActiveCfg = MT|Win32
		{8B828DA3-9971-420A-80F6-07555897C188}.MT.Build.0 = MT|Win32
		{8B828DA3-9971-420A-80F6-07555897C188}.MTd.ActiveCfg = MTd|Win32
		{8B828DA3-9971-420A-80F6-07555897C188}.MTd.Build.0 = MTd|Win32
		{8B828DA3-9971-420A-80F6-07555897C189}.MD.ActiveCfg = MD|Win32
		{8B828DA3-9971-420A-80F6-07555897C189}.MD.Build.0 = MD|Win32
		{8B828DA3-9971-420A-80F6-07555897C189}.MDd.ActiveCfg = MDd|Win32
		{8B828DA3-9971-420A-80F6-07555897C189}.MDd.Build.0 = MDd|Win32
		{8B828DA3-9971-420A-80F6-07555897C189}.ML.ActiveCfg = ML|Win32
		{8B828DA3-9971-420A-80F6-07555897C189}.ML.Build.0 = ML|Win32
		{8B828DA3-9971-420A-80F6-07555897C189}.MLd.ActiveCfg = MLd|Win32
		{8B828DA3-9971-420A-80F6-07555897C189}.MLd.Build.0 = MLd|Win32
		{8B828DA3-9971-420A-80F6-07555897C189}.MT.ActiveCfg = MT|Win32
		{8B828DA3-9971-420A-80F6-07555897C189}.MT.Build.0 = MT|Win32
		{8B828DA3-9971-420A-80F6-07555897C189}.MTd.ActiveCfg = MTd|Win32
		{8B828DA3-9971-420A-80F6-07555897C189}.MTd.Build.0 = MTd|Win32
		{8B828DA3-9971-420A-80F6-07555897C18A}.MD.ActiveCfg = MD|Win32
		{8B828DA3-9971-420A-80F6-07555897C18A}.MD.Build.0 = MD|Win32
		{8B828DA3-9971-420A-80F6-07555897C18A}.MDd.ActiveCfg = MDd|Win32
		{8B828DA3-9971-420A-80F6-07555897C18A}.MDd.Build.0 = MDd|Win32
		{8B828DA3-9971-420A-80F6-07555897C18A}.ML.ActiveCfg = ML|Win32
		{8B828DA3-9971-420A-80F6-07555897C18A}.ML.Build.0 = ML|Win32
		{8B828DA3-9971-420A-80F6-07555897C18A}.MLd.ActiveCfg = MLd|Win32
		{8B828DA3-9971-420A-80F6-07555897C18A}.MLd.Build.0 = MLd|Win32
		{8B828DA3-9971-420A-80F6-07555897C18A}.MT.ActiveCfg = MT|Win32
		{8B828DA3-9971-420A-80F6-07555897C18A}.MT.Build.0 = MT|Win32
		{8B828DA3-9971-420A-80F6-07555897C18A}.MTd.ActiveCfg = MTd|Win32
		{8B828DA3-9971-420A-80F6-07555897C18A}.MTd.Build.0 = MTd|Win32
	EndGlobalSection
	GlobalSection(ExtensibilityGlobals) = postSolution
	EndGlobalSection
	GlobalSection(ExtensibilityAddIns) = postSolution
	EndGlobalSection
EndGlobal
