<?xml version="1.0" encoding="utf-8"?>
<Project ToolsVersion="4.0" xmlns="http://schemas.microsoft.com/developer/msbuild/2003">
  <ItemGroup>
    <Filter Include="Common">
      <UniqueIdentifier>{7e6e6e83-5168-453f-bbc7-24cbdc146a1a}</UniqueIdentifier>
    </Filter>
    <Filter Include="Resource Files">
      <UniqueIdentifier>{67DA6AB6-F800-4c08-8B7A-83BB121AAD01}</UniqueIdentifier>
      <Extensions>rc;ico;cur;bmp;dlg;rc2;rct;bin;rgs;gif;jpg;jpeg;jpe;resx</Extensions>
    </Filter>
  </ItemGroup>
  <ItemGroup>
    <ClCompile Include="Common\dxstdafx.cpp">
      <Filter>Common</Filter>
    </ClCompile>
    <ClCompile Include="DlgProc.cpp" />
    <ClCompile Include="EventScriptParsing.cpp" />
    <ClCompile Include="MainFrm.cpp" />
    <ClCompile Include="RenderFrm.cpp" />
  </ItemGroup>
  <ItemGroup>
    <ClInclude Include="Common\dxstdafx.h">
      <Filter>Common</Filter>
    </ClInclude>
    <ClInclude Include="CommonObject.hpp" />
    <ClInclude Include="DlgProc.h" />
    <ClInclude Include="EventScriptParsing.h" />
    <ClInclude Include="RenderFrm.h" />
    <ClInclude Include="resource.h" />
  </ItemGroup>
  <ItemGroup>
    <None Include="Common\directx.ico">
      <Filter>Resource Files</Filter>
    </None>
    <None Include="small.ico">
      <Filter>Resource Files</Filter>
    </None>
    <None Include="X2EventSceneTool.ico">
      <Filter>Resource Files</Filter>
    </None>
  </ItemGroup>
  <ItemGroup>
    <ResourceCompile Include="X2EventSceneTool.rc">
      <Filter>Resource Files</Filter>
    </ResourceCompile>
  </ItemGroup>
</Project>