Microsoft Visual Studio Solution File, Format Version 11.00
# Visual Studio 2010
Project("{8BC9CEB8-8B4A-11D0-8D11-00A0C91BC942}") = "imgdecoder", "imgdecoder.vcxproj", "{E236F4B1-9ABB-4314-B3B0-DC08D933F156}"
EndProject
Project("{8BC9CEB8-8B4A-11D0-8D11-00A0C91BC942}") = "paintlib", "..\paintlib-2.6.2\win\paintlib\paintlib.vcxproj", "{827F388A-1F53-4BAE-8BE0-0EFF0C342C80}"
EndProject
Project("{8BC9CEB8-8B4A-11D0-8D11-00A0C91BC942}") = "libpng", "..\libpng-1.2.37-src\projects\visualc71\libpng.vcxproj", "{2AC06973-A4CD-4D54-A461-890DEEDFD476}"
EndProject
Project("{8BC9CEB8-8B4A-11D0-8D11-00A0C91BC942}") = "zlib", "..\zlib-1.2.5\old\visualc6\zlib.vcxproj", "{BCA2B9DE-F036-4E35-9827-37B304B20FEB}"
EndProject
Global
	GlobalSection(SolutionConfigurationPlatforms) = preSolution
		Debug|Win32 = Debug|Win32
		DLL ASM Debug|Win32 = DLL ASM Debug|Win32
		DLL ASM Release|Win32 = DLL ASM Release|Win32
		DLL Debug|Win32 = DLL Debug|Win32
		DLL Release|Win32 = DLL Release|Win32
		DLL VB|Win32 = DLL VB|Win32
		LIB ASM Debug|Win32 = LIB ASM Debug|Win32
		LIB ASM Release|Win32 = LIB ASM Release|Win32
		LIB Debug|Win32 = LIB Debug|Win32
		LIB Release|Win32 = LIB Release|Win32
		Release|Win32 = Release|Win32
	EndGlobalSection
	GlobalSection(ProjectConfigurationPlatforms) = postSolution
		{E236F4B1-9ABB-4314-B3B0-DC08D933F156}.Debug|Win32.ActiveCfg = Debug|Win32
		{E236F4B1-9ABB-4314-B3B0-DC08D933F156}.Debug|Win32.Build.0 = Debug|Win32
		{E236F4B1-9ABB-4314-B3B0-DC08D933F156}.DLL ASM Debug|Win32.ActiveCfg = Debug|Win32
		{E236F4B1-9ABB-4314-B3B0-DC08D933F156}.DLL ASM Debug|Win32.Build.0 = Debug|Win32
		{E236F4B1-9ABB-4314-B3B0-DC08D933F156}.DLL ASM Release|Win32.ActiveCfg = Release|Win32
		{E236F4B1-9ABB-4314-B3B0-DC08D933F156}.DLL ASM Release|Win32.Build.0 = Release|Win32
		{E236F4B1-9ABB-4314-B3B0-DC08D933F156}.DLL Debug|Win32.ActiveCfg = Debug|Win32
		{E236F4B1-9ABB-4314-B3B0-DC08D933F156}.DLL Debug|Win32.Build.0 = Debug|Win32
		{E236F4B1-9ABB-4314-B3B0-DC08D933F156}.DLL Release|Win32.ActiveCfg = Release|Win32
		{E236F4B1-9ABB-4314-B3B0-DC08D933F156}.DLL Release|Win32.Build.0 = Release|Win32
		{E236F4B1-9ABB-4314-B3B0-DC08D933F156}.DLL VB|Win32.ActiveCfg = Debug|Win32
		{E236F4B1-9ABB-4314-B3B0-DC08D933F156}.DLL VB|Win32.Build.0 = Debug|Win32
		{E236F4B1-9ABB-4314-B3B0-DC08D933F156}.LIB ASM Debug|Win32.ActiveCfg = Debug|Win32
		{E236F4B1-9ABB-4314-B3B0-DC08D933F156}.LIB ASM Debug|Win32.Build.0 = Debug|Win32
		{E236F4B1-9ABB-4314-B3B0-DC08D933F156}.LIB ASM Release|Win32.ActiveCfg = Release|Win32
		{E236F4B1-9ABB-4314-B3B0-DC08D933F156}.LIB ASM Release|Win32.Build.0 = Release|Win32
		{E236F4B1-9ABB-4314-B3B0-DC08D933F156}.LIB Debug|Win32.ActiveCfg = Debug|Win32
		{E236F4B1-9ABB-4314-B3B0-DC08D933F156}.LIB Debug|Win32.Build.0 = Debug|Win32
		{E236F4B1-9ABB-4314-B3B0-DC08D933F156}.LIB Release|Win32.ActiveCfg = Release|Win32
		{E236F4B1-9ABB-4314-B3B0-DC08D933F156}.LIB Release|Win32.Build.0 = Release|Win32
		{E236F4B1-9ABB-4314-B3B0-DC08D933F156}.Release|Win32.ActiveCfg = Release|Win32
		{E236F4B1-9ABB-4314-B3B0-DC08D933F156}.Release|Win32.Build.0 = Release|Win32
		{827F388A-1F53-4BAE-8BE0-0EFF0C342C80}.Debug|Win32.ActiveCfg = Debug|Win32
		{827F388A-1F53-4BAE-8BE0-0EFF0C342C80}.Debug|Win32.Build.0 = Debug|Win32
		{827F388A-1F53-4BAE-8BE0-0EFF0C342C80}.DLL ASM Debug|Win32.ActiveCfg = Debug|Win32
		{827F388A-1F53-4BAE-8BE0-0EFF0C342C80}.DLL ASM Debug|Win32.Build.0 = Debug|Win32
		{827F388A-1F53-4BAE-8BE0-0EFF0C342C80}.DLL ASM Release|Win32.ActiveCfg = Release|Win32
		{827F388A-1F53-4BAE-8BE0-0EFF0C342C80}.DLL ASM Release|Win32.Build.0 = Release|Win32
		{827F388A-1F53-4BAE-8BE0-0EFF0C342C80}.DLL Debug|Win32.ActiveCfg = Debug|Win32
		{827F388A-1F53-4BAE-8BE0-0EFF0C342C80}.DLL Debug|Win32.Build.0 = Debug|Win32
		{827F388A-1F53-4BAE-8BE0-0EFF0C342C80}.DLL Release|Win32.ActiveCfg = Release|Win32
		{827F388A-1F53-4BAE-8BE0-0EFF0C342C80}.DLL Release|Win32.Build.0 = Release|Win32
		{827F388A-1F53-4BAE-8BE0-0EFF0C342C80}.DLL VB|Win32.ActiveCfg = Debug|Win32
		{827F388A-1F53-4BAE-8BE0-0EFF0C342C80}.DLL VB|Win32.Build.0 = Debug|Win32
		{827F388A-1F53-4BAE-8BE0-0EFF0C342C80}.LIB ASM Debug|Win32.ActiveCfg = Debug|Win32
		{827F388A-1F53-4BAE-8BE0-0EFF0C342C80}.LIB ASM Debug|Win32.Build.0 = Debug|Win32
		{827F388A-1F53-4BAE-8BE0-0EFF0C342C80}.LIB ASM Release|Win32.ActiveCfg = Release|Win32
		{827F388A-1F53-4BAE-8BE0-0EFF0C342C80}.LIB ASM Release|Win32.Build.0 = Release|Win32
		{827F388A-1F53-4BAE-8BE0-0EFF0C342C80}.LIB Debug|Win32.ActiveCfg = Debug|Win32
		{827F388A-1F53-4BAE-8BE0-0EFF0C342C80}.LIB Debug|Win32.Build.0 = Debug|Win32
		{827F388A-1F53-4BAE-8BE0-0EFF0C342C80}.LIB Release|Win32.ActiveCfg = Release|Win32
		{827F388A-1F53-4BAE-8BE0-0EFF0C342C80}.LIB Release|Win32.Build.0 = Release|Win32
		{827F388A-1F53-4BAE-8BE0-0EFF0C342C80}.Release|Win32.ActiveCfg = Release|Win32
		{827F388A-1F53-4BAE-8BE0-0EFF0C342C80}.Release|Win32.Build.0 = Release|Win32
		{2AC06973-A4CD-4D54-A461-890DEEDFD476}.Debug|Win32.ActiveCfg = LIB Debug|Win32
		{2AC06973-A4CD-4D54-A461-890DEEDFD476}.Debug|Win32.Build.0 = LIB Debug|Win32
		{2AC06973-A4CD-4D54-A461-890DEEDFD476}.DLL ASM Debug|Win32.ActiveCfg = DLL ASM Debug|Win32
		{2AC06973-A4CD-4D54-A461-890DEEDFD476}.DLL ASM Debug|Win32.Build.0 = DLL ASM Debug|Win32
		{2AC06973-A4CD-4D54-A461-890DEEDFD476}.DLL ASM Release|Win32.ActiveCfg = DLL ASM Release|Win32
		{2AC06973-A4CD-4D54-A461-890DEEDFD476}.DLL ASM Release|Win32.Build.0 = DLL ASM Release|Win32
		{2AC06973-A4CD-4D54-A461-890DEEDFD476}.DLL Debug|Win32.ActiveCfg = DLL Debug|Win32
		{2AC06973-A4CD-4D54-A461-890DEEDFD476}.DLL Debug|Win32.Build.0 = DLL Debug|Win32
		{2AC06973-A4CD-4D54-A461-890DEEDFD476}.DLL Release|Win32.ActiveCfg = DLL Release|Win32
		{2AC06973-A4CD-4D54-A461-890DEEDFD476}.DLL Release|Win32.Build.0 = DLL Release|Win32
		{2AC06973-A4CD-4D54-A461-890DEEDFD476}.DLL VB|Win32.ActiveCfg = DLL VB|Win32
		{2AC06973-A4CD-4D54-A461-890DEEDFD476}.DLL VB|Win32.Build.0 = DLL VB|Win32
		{2AC06973-A4CD-4D54-A461-890DEEDFD476}.LIB ASM Debug|Win32.ActiveCfg = LIB ASM Debug|Win32
		{2AC06973-A4CD-4D54-A461-890DEEDFD476}.LIB ASM Debug|Win32.Build.0 = LIB ASM Debug|Win32
		{2AC06973-A4CD-4D54-A461-890DEEDFD476}.LIB ASM Release|Win32.ActiveCfg = LIB ASM Release|Win32
		{2AC06973-A4CD-4D54-A461-890DEEDFD476}.LIB ASM Release|Win32.Build.0 = LIB ASM Release|Win32
		{2AC06973-A4CD-4D54-A461-890DEEDFD476}.LIB Debug|Win32.ActiveCfg = LIB Debug|Win32
		{2AC06973-A4CD-4D54-A461-890DEEDFD476}.LIB Debug|Win32.Build.0 = LIB Debug|Win32
		{2AC06973-A4CD-4D54-A461-890DEEDFD476}.LIB Release|Win32.ActiveCfg = LIB Release|Win32
		{2AC06973-A4CD-4D54-A461-890DEEDFD476}.LIB Release|Win32.Build.0 = LIB Release|Win32
		{2AC06973-A4CD-4D54-A461-890DEEDFD476}.Release|Win32.ActiveCfg = LIB Release|Win32
		{2AC06973-A4CD-4D54-A461-890DEEDFD476}.Release|Win32.Build.0 = LIB Release|Win32
		{BCA2B9DE-F036-4E35-9827-37B304B20FEB}.Debug|Win32.ActiveCfg = LIB Debug|Win32
		{BCA2B9DE-F036-4E35-9827-37B304B20FEB}.Debug|Win32.Build.0 = LIB Debug|Win32
		{BCA2B9DE-F036-4E35-9827-37B304B20FEB}.DLL ASM Debug|Win32.ActiveCfg = DLL ASM Debug|Win32
		{BCA2B9DE-F036-4E35-9827-37B304B20FEB}.DLL ASM Debug|Win32.Build.0 = DLL ASM Debug|Win32
		{BCA2B9DE-F036-4E35-9827-37B304B20FEB}.DLL ASM Release|Win32.ActiveCfg = DLL ASM Release|Win32
		{BCA2B9DE-F036-4E35-9827-37B304B20FEB}.DLL ASM Release|Win32.Build.0 = DLL ASM Release|Win32
		{BCA2B9DE-F036-4E35-9827-37B304B20FEB}.DLL Debug|Win32.ActiveCfg = DLL Debug|Win32
		{BCA2B9DE-F036-4E35-9827-37B304B20FEB}.DLL Debug|Win32.Build.0 = DLL Debug|Win32
		{BCA2B9DE-F036-4E35-9827-37B304B20FEB}.DLL Release|Win32.ActiveCfg = DLL Release|Win32
		{BCA2B9DE-F036-4E35-9827-37B304B20FEB}.DLL Release|Win32.Build.0 = DLL Release|Win32
		{BCA2B9DE-F036-4E35-9827-37B304B20FEB}.DLL VB|Win32.ActiveCfg = DLL Debug|Win32
		{BCA2B9DE-F036-4E35-9827-37B304B20FEB}.DLL VB|Win32.Build.0 = DLL Debug|Win32
		{BCA2B9DE-F036-4E35-9827-37B304B20FEB}.LIB ASM Debug|Win32.ActiveCfg = LIB ASM Debug|Win32
		{BCA2B9DE-F036-4E35-9827-37B304B20FEB}.LIB ASM Debug|Win32.Build.0 = LIB ASM Debug|Win32
		{BCA2B9DE-F036-4E35-9827-37B304B20FEB}.LIB ASM Release|Win32.ActiveCfg = LIB ASM Release|Win32
		{BCA2B9DE-F036-4E35-9827-37B304B20FEB}.LIB ASM Release|Win32.Build.0 = LIB ASM Release|Win32
		{BCA2B9DE-F036-4E35-9827-37B304B20FEB}.LIB Debug|Win32.ActiveCfg = LIB Debug|Win32
		{BCA2B9DE-F036-4E35-9827-37B304B20FEB}.LIB Debug|Win32.Build.0 = LIB Debug|Win32
		{BCA2B9DE-F036-4E35-9827-37B304B20FEB}.LIB Release|Win32.ActiveCfg = LIB Release|Win32
		{BCA2B9DE-F036-4E35-9827-37B304B20FEB}.LIB Release|Win32.Build.0 = LIB Release|Win32
		{BCA2B9DE-F036-4E35-9827-37B304B20FEB}.Release|Win32.ActiveCfg = LIB Release|Win32
		{BCA2B9DE-F036-4E35-9827-37B304B20FEB}.Release|Win32.Build.0 = LIB Release|Win32
	EndGlobalSection
	GlobalSection(SolutionProperties) = preSolution
		HideSolutionNode = FALSE
	EndGlobalSection
EndGlobal
