<?xml version="1.0" encoding="utf-8"?>
<Project ToolsVersion="4.0" xmlns="http://schemas.microsoft.com/developer/msbuild/2003">
  <ItemGroup>
    <Filter Include="소스 파일">
      <UniqueIdentifier>{4FC737F1-C7A5-4376-A066-2A32D752A2FF}</UniqueIdentifier>
      <Extensions>cpp;c;cxx;def;odl;idl;hpj;bat;asm;asmx</Extensions>
    </Filter>
    <Filter Include="헤더 파일">
      <UniqueIdentifier>{93995380-89BD-4b04-88EB-625FBE52EBFB}</UniqueIdentifier>
      <Extensions>h;hpp;hxx;hm;inl;inc;xsd</Extensions>
    </Filter>
    <Filter Include="리소스 파일">
      <UniqueIdentifier>{67DA6AB6-F800-4c08-8B7A-83BB121AAD01}</UniqueIdentifier>
      <Extensions>rc;ico;cur;bmp;dlg;rc2;rct;bin;rgs;gif;jpg;jpeg;jpe;resx</Extensions>
    </Filter>
  </ItemGroup>
  <ItemGroup>
    <ClCompile Include="NMClass\NMCOClientObject.cpp">
      <Filter>소스 파일</Filter>
    </ClCompile>
    <ClCompile Include="NMClass\NMCOHelpers.cpp">
      <Filter>소스 파일</Filter>
    </ClCompile>
    <ClCompile Include="NMClass\NMCRChatRoom.cpp">
      <Filter>소스 파일</Filter>
    </ClCompile>
    <ClCompile Include="NMClass\NMCSChatSession.cpp">
      <Filter>소스 파일</Filter>
    </ClCompile>
    <ClCompile Include="NMClass\NMDataObject.cpp">
      <Filter>소스 파일</Filter>
    </ClCompile>
    <ClCompile Include="NMClass\NMEventHandler.cpp">
      <Filter>소스 파일</Filter>
    </ClCompile>
    <ClCompile Include="NMClass\NMEventObject.cpp">
      <Filter>소스 파일</Filter>
    </ClCompile>
    <ClCompile Include="NMClass\NMFDSFileDownloadSession.cpp">
      <Filter>소스 파일</Filter>
    </ClCompile>
    <ClCompile Include="NMClass\NMFiles.cpp">
      <Filter>소스 파일</Filter>
    </ClCompile>
    <ClCompile Include="NMClass\NMFunctionObject.cpp">
      <Filter>소스 파일</Filter>
    </ClCompile>
    <ClCompile Include="NMClass\NMFUSFileUploadSession.cpp">
      <Filter>소스 파일</Filter>
    </ClCompile>
    <ClCompile Include="NMClass\NMGameLogManager.cpp">
      <Filter>소스 파일</Filter>
    </ClCompile>
    <ClCompile Include="NMClass\NMGSGeneralSession.cpp">
      <Filter>소스 파일</Filter>
    </ClCompile>
    <ClCompile Include="NMInclude.cpp">
      <Filter>소스 파일</Filter>
    </ClCompile>
    <ClCompile Include="NMClass\NMManager.cpp">
      <Filter>소스 파일</Filter>
    </ClCompile>
    <ClCompile Include="NMClass\NMSerializable.cpp">
      <Filter>소스 파일</Filter>
    </ClCompile>
    <ClCompile Include="NMClass\NMWSWBSession.cpp">
      <Filter>소스 파일</Filter>
    </ClCompile>
    <ClCompile Include="stdafx.cpp">
      <Filter>소스 파일</Filter>
    </ClCompile>
    <ClCompile Include="NMClass\NMPlayFeedManager.cpp">
      <Filter>소스 파일</Filter>
    </ClCompile>
  </ItemGroup>
  <ItemGroup>
    <ClInclude Include="NMClass\NMCOClientObject.h">
      <Filter>헤더 파일</Filter>
    </ClInclude>
    <ClInclude Include="NMClass\NMCOHelpers.h">
      <Filter>헤더 파일</Filter>
    </ClInclude>
    <ClInclude Include="NMClass\NMCONew.h">
      <Filter>헤더 파일</Filter>
    </ClInclude>
    <ClInclude Include="NMClass\NMCRChatRoom.h">
      <Filter>헤더 파일</Filter>
    </ClInclude>
    <ClInclude Include="NMClass\NMCSChatSession.h">
      <Filter>헤더 파일</Filter>
    </ClInclude>
    <ClInclude Include="NMClass\NMDataObject.h">
      <Filter>헤더 파일</Filter>
    </ClInclude>
    <ClInclude Include="NMClass\NMEventHandler.h">
      <Filter>헤더 파일</Filter>
    </ClInclude>
    <ClInclude Include="NMClass\NMEventObject.h">
      <Filter>헤더 파일</Filter>
    </ClInclude>
    <ClInclude Include="NMClass\NMFDSFileDownloadSession.h">
      <Filter>헤더 파일</Filter>
    </ClInclude>
    <ClInclude Include="NMClass\NMFunctionObject.h">
      <Filter>헤더 파일</Filter>
    </ClInclude>
    <ClInclude Include="NMClass\NMFUSFileUploadSession.h">
      <Filter>헤더 파일</Filter>
    </ClInclude>
    <ClInclude Include="NMClass\NMGameLogManager.h">
      <Filter>헤더 파일</Filter>
    </ClInclude>
    <ClInclude Include="NMClass\NMGeneral.h">
      <Filter>헤더 파일</Filter>
    </ClInclude>
    <ClInclude Include="NMClass\NMGSGeneralSession.h">
      <Filter>헤더 파일</Filter>
    </ClInclude>
    <ClInclude Include="NMClass\NMManager.h">
      <Filter>헤더 파일</Filter>
    </ClInclude>
    <ClInclude Include="NMClass\NMPCH.h">
      <Filter>헤더 파일</Filter>
    </ClInclude>
    <ClInclude Include="NMClass\NMPCH2.h">
      <Filter>헤더 파일</Filter>
    </ClInclude>
    <ClInclude Include="NMClass\NMSerializable.h">
      <Filter>헤더 파일</Filter>
    </ClInclude>
    <ClInclude Include="NMClass\NMWSWBSession.h">
      <Filter>헤더 파일</Filter>
    </ClInclude>
    <ClInclude Include="NMClass\PCH.h">
      <Filter>헤더 파일</Filter>
    </ClInclude>
    <ClInclude Include="stdafx.h">
      <Filter>헤더 파일</Filter>
    </ClInclude>
    <ClInclude Include="NMClass\NMPlayFeedManager.h">
      <Filter>헤더 파일</Filter>
    </ClInclude>
  </ItemGroup>
  <ItemGroup>
    <None Include="ReadMe.txt" />
  </ItemGroup>
  <ItemGroup>
    <CustomBuildStep Include="NMClass\nmcogame.lib" />
  </ItemGroup>
</Project>