Microsoft Visual Studio Solution File, Format Version 8.00
Project("{8BC9CEB8-8B4A-11D0-8D11-00A0C91BC942}") = "tiff", "tiff.vcproj", "{A7AB6440-EF9C-4FE1-AC5C-C1032BA6B695}"
	ProjectSection(ProjectDependencies) = postProject
	EndProjectSection
EndProject
Global
	GlobalSection(SolutionConfiguration) = preSolution
		Debug = Debug
		Release = Release
		Unicode Debug = Unicode Debug
		Unicode Release = Unicode Release
	EndGlobalSection
	GlobalSection(ProjectConfiguration) = postSolution
		{A7AB6440-EF9C-4FE1-AC5C-C1032BA6B695}.Debug.ActiveCfg = Debug|Win32
		{A7AB6440-EF9C-4FE1-AC5C-C1032BA6B695}.Debug.Build.0 = Debug|Win32
		{A7AB6440-EF9C-4FE1-AC5C-C1032BA6B695}.Release.ActiveCfg = Release|Win32
		{A7AB6440-EF9C-4FE1-AC5C-C1032BA6B695}.Release.Build.0 = Release|Win32
		{A7AB6440-EF9C-4FE1-AC5C-C1032BA6B695}.Unicode Debug.ActiveCfg = Unicode Debug|Win32
		{A7AB6440-EF9C-4FE1-AC5C-C1032BA6B695}.Unicode Debug.Build.0 = Unicode Debug|Win32
		{A7AB6440-EF9C-4FE1-AC5C-C1032BA6B695}.Unicode Release.ActiveCfg = Unicode Release|Win32
		{A7AB6440-EF9C-4FE1-AC5C-C1032BA6B695}.Unicode Release.Build.0 = Unicode Release|Win32
	EndGlobalSection
	GlobalSection(ExtensibilityGlobals) = postSolution
	EndGlobalSection
	GlobalSection(ExtensibilityAddIns) = postSolution
	EndGlobalSection
EndGlobal
